<?xml version="1.0" encoding="utf-8"?>
<Project ToolsVersion="4.0" xmlns="http://schemas.microsoft.com/developer/msbuild/2003">
  <ItemGroup>
    <Filter Include="Source Files">
      <UniqueIdentifier>{4FC737F1-C7A5-4376-A066-2A32D752A2FF}</UniqueIdentifier>
      <Extensions>cpp;c;cc;cxx;def;odl;idl;hpj;bat;asm;asmx</Extensions>
    </Filter>
    <Filter Include="Header Files">
      <UniqueIdentifier>{93995380-89BD-4b04-88EB-625FBE52EBFB}</UniqueIdentifier>
      <Extensions>h;hh;hpp;hxx;hm;inl;inc;xsd</Extensions>
    </Filter>
    <Filter Include="Resource Files">
      <UniqueIdentifier>{67DA6AB6-F800-4c08-8B7A-83BB121AAD01}</UniqueIdentifier>
      <Extensions>rc;ico;cur;bmp;dlg;rc2;rct;bin;rgs;gif;jpg;jpeg;jpe;resx;tiff;tif;png;wav</Extensions>
    </Filter>
  </ItemGroup>
  <ItemGroup>
    <ClCompile Include="bot\Fishing.cpp">
      <Filter>Source Files</Filter>
    </ClCompile>
    <ClCompile Include="bot\Gathering.cpp">
      <Filter>Source Files</Filter>
    </ClCompile>
    <ClCompile Include="bot\Grinder.cpp">
      <Filter>Source Files</Filter>
    </ClCompile>
    <ClCompile Include="dialog\Dialog.cpp">
      <Filter>Source Files</Filter>
    </ClCompile>
    <ClCompile Include="dialog\ObjectList.cpp">
      <Filter>Source Files</Filter>
    </ClCompile>
    <ClCompile Include="dialog\ObjectWatch.cpp">
      <Filter>Source Files</Filter>
    </ClCompile>
    <ClCompile Include="dialog\ProfileSettings.cpp">
      <Filter>Source Files</Filter>
    </ClCompile>
    <ClCompile Include="engine\combat\Action.cpp">
      <Filter>Source Files</Filter>
    </ClCompile>
    <ClCompile Include="engine\combat\Condition.cpp">
      <Filter>Source Files</Filter>
    </ClCompile>
    <ClCompile Include="engine\combat\Rotation.cpp">
      <Filter>Source Files</Filter>
    </ClCompile>
    <ClCompile Include="engine\navigation\ClickToMove.cpp">
      <Filter>Source Files</Filter>
    </ClCompile>
    <ClCompile Include="engine\navigation\Pathfinding.cpp">
      <Filter>Source Files</Filter>
    </ClCompile>
    <ClCompile Include="engine\navigation\Walker.cpp">
      <Filter>Source Files</Filter>
    </ClCompile>
    <ClCompile Include="file\FishingProfile.cpp">
      <Filter>Source Files</Filter>
    </ClCompile>
    <ClCompile Include="file\NetIO.cpp">
      <Filter>Source Files</Filter>
    </ClCompile>
    <ClCompile Include="file\Profile.cpp">
      <Filter>Source Files</Filter>
    </ClCompile>
    <ClCompile Include="game\Game.cpp">
      <Filter>Source Files</Filter>
    </ClCompile>
    <ClCompile Include="game\Interactions.cpp">
      <Filter>Source Files</Filter>
    </ClCompile>
    <ClCompile Include="game\Multibox.cpp">
      <Filter>Source Files</Filter>
    </ClCompile>
    <ClCompile Include="geometry\ConvexCone.cpp">
      <Filter>Source Files</Filter>
    </ClCompile>
    <ClCompile Include="geometry\Coordinate.cpp">
      <Filter>Source Files</Filter>
    </ClCompile>
    <ClCompile Include="geometry\Net.cpp">
      <Filter>Source Files</Filter>
    </ClCompile>
    <ClCompile Include="geometry\Polygon.cpp">
      <Filter>Source Files</Filter>
    </ClCompile>
    <ClCompile Include="geometry\triangle.cpp">
      <Filter>Source Files</Filter>
    </ClCompile>
    <ClCompile Include="lib\asmjit\base\assembler.cpp">
      <Filter>Source Files</Filter>
    </ClCompile>
    <ClCompile Include="lib\asmjit\base\compiler.cpp">
      <Filter>Source Files</Filter>
    </ClCompile>
    <ClCompile Include="lib\asmjit\base\compilercontext.cpp">
      <Filter>Source Files</Filter>
    </ClCompile>
    <ClCompile Include="lib\asmjit\base\constpool.cpp">
      <Filter>Source Files</Filter>
    </ClCompile>
    <ClCompile Include="lib\asmjit\base\containers.cpp">
      <Filter>Source Files</Filter>
    </ClCompile>
    <ClCompile Include="lib\asmjit\base\cpuinfo.cpp">
      <Filter>Source Files</Filter>
    </ClCompile>
    <ClCompile Include="lib\asmjit\base\globals.cpp">
      <Filter>Source Files</Filter>
    </ClCompile>
    <ClCompile Include="lib\asmjit\base\hlstream.cpp">
      <Filter>Source Files</Filter>
    </ClCompile>
    <ClCompile Include="lib\asmjit\base\logger.cpp">
      <Filter>Source Files</Filter>
    </ClCompile>
    <ClCompile Include="lib\asmjit\base\operand.cpp">
      <Filter>Source Files</Filter>
    </ClCompile>
    <ClCompile Include="lib\asmjit\base\podvector.cpp">
      <Filter>Source Files</Filter>
    </ClCompile>
    <ClCompile Include="lib\asmjit\base\runtime.cpp">
      <Filter>Source Files</Filter>
    </ClCompile>
    <ClCompile Include="lib\asmjit\base\utils.cpp">
      <Filter>Source Files</Filter>
    </ClCompile>
    <ClCompile Include="lib\asmjit\base\vmem.cpp">
      <Filter>Source Files</Filter>
    </ClCompile>
    <ClCompile Include="lib\asmjit\base\zone.cpp">
      <Filter>Source Files</Filter>
    </ClCompile>
    <ClCompile Include="lib\asmjit\x86\x86assembler.cpp">
      <Filter>Source Files</Filter>
    </ClCompile>
    <ClCompile Include="lib\asmjit\x86\x86compiler.cpp">
      <Filter>Source Files</Filter>
    </ClCompile>
    <ClCompile Include="lib\asmjit\x86\x86compilercontext.cpp">
      <Filter>Source Files</Filter>
    </ClCompile>
    <ClCompile Include="lib\asmjit\x86\x86compilerfunc.cpp">
      <Filter>Source Files</Filter>
    </ClCompile>
    <ClCompile Include="lib\asmjit\x86\x86inst.cpp">
      <Filter>Source Files</Filter>
    </ClCompile>
    <ClCompile Include="lib\asmjit\x86\x86operand.cpp">
      <Filter>Source Files</Filter>
    </ClCompile>
    <ClCompile Include="lib\asmjit\x86\x86operand_regs.cpp">
      <Filter>Source Files</Filter>
    </ClCompile>
    <ClCompile Include="lib\delaunay\triangulate.cpp">
      <Filter>Source Files</Filter>
    </ClCompile>
    <ClCompile Include="lib\poly2tri\common\shapes.cc">
      <Filter>Source Files</Filter>
    </ClCompile>
    <ClCompile Include="lib\poly2tri\sweep\advancing_front.cc">
      <Filter>Source Files</Filter>
    </ClCompile>
    <ClCompile Include="lib\poly2tri\sweep\cdt.cc">
      <Filter>Source Files</Filter>
    </ClCompile>
    <ClCompile Include="lib\poly2tri\sweep\sweep.cc">
      <Filter>Source Files</Filter>
    </ClCompile>
    <ClCompile Include="lib\poly2tri\sweep\sweep_context.cc">
      <Filter>Source Files</Filter>
    </ClCompile>
    <ClCompile Include="lib\pugixml\pugixml.cpp">
      <Filter>Source Files</Filter>
    </ClCompile>
    <ClCompile Include="main\Command.cpp">
      <Filter>Source Files</Filter>
    </ClCompile>
    <ClCompile Include="main\Debug.cpp">
      <Filter>Source Files</Filter>
    </ClCompile>
    <ClCompile Include="main\Dinnerbot.cpp">
      <Filter>Source Files</Filter>
    </ClCompile>
    <ClCompile Include="main\Main.cpp">
      <Filter>Source Files</Filter>
    </ClCompile>
    <ClCompile Include="memory\Bytecode.cpp">
      <Filter>Source Files</Filter>
    </ClCompile>
    <ClCompile Include="memory\Endscene.cpp">
      <Filter>Source Files</Filter>
    </ClCompile>
    <ClCompile Include="memory\Hacks.cpp">
      <Filter>Source Files</Filter>
    </ClCompile>
    <ClCompile Include="memory\Hooks.cpp">
      <Filter>Source Files</Filter>
    </ClCompile>
    <ClCompile Include="memory\Memory.cpp">
      <Filter>Source Files</Filter>
    </ClCompile>
    <ClCompile Include="pont\HTML.cpp">
      <Filter>Source Files</Filter>
    </ClCompile>
    <ClCompile Include="radar\Drawing.cpp">
      <Filter>Source Files</Filter>
    </ClCompile>
    <ClCompile Include="radar\Edit.cpp">
      <Filter>Source Files</Filter>
    </ClCompile>
    <ClCompile Include="radar\GraphicsObject.cpp">
      <Filter>Source Files</Filter>
    </ClCompile>
    <ClCompile Include="radar\NetEditor.cpp">
      <Filter>Source Files</Filter>
    </ClCompile>
    <ClCompile Include="radar\RenderObject.cpp">
      <Filter>Source Files</Filter>
    </ClCompile>
    <ClCompile Include="radar\Settings.cpp">
      <Filter>Source Files</Filter>
    </ClCompile>
    <ClCompile Include="utilities\Thread.cpp">
      <Filter>Source Files</Filter>
    </ClCompile>
    <ClCompile Include="utilities\Utilities.cpp">
      <Filter>Source Files</Filter>
    </ClCompile>
    <ClCompile Include="utilities\Wait.cpp">
      <Filter>Source Files</Filter>
    </ClCompile>
    <ClCompile Include="wow api\Camera.cpp">
      <Filter>Source Files</Filter>
    </ClCompile>
    <ClCompile Include="wow api\CCharCreateInfo.cpp">
      <Filter>Source Files</Filter>
    </ClCompile>
    <ClCompile Include="wow api\CDataStore.cpp">
      <Filter>Source Files</Filter>
    </ClCompile>
    <ClCompile Include="wow api\CGLoot.cpp">
      <Filter>Source Files</Filter>
    </ClCompile>
    <ClCompile Include="wow api\Chat.cpp">
      <Filter>Source Files</Filter>
    </ClCompile>
    <ClCompile Include="wow api\CInputControl.cpp">
      <Filter>Source Files</Filter>
    </ClCompile>
    <ClCompile Include="wow api\ClientDB.cpp">
      <Filter>Source Files</Filter>
    </ClCompile>
    <ClCompile Include="wow api\Environment.cpp">
      <Filter>Source Files</Filter>
    </ClCompile>
    <ClCompile Include="wow api\Guild.cpp">
      <Filter>Source Files</Filter>
    </ClCompile>
    <ClCompile Include="wow api\GuildEntry.cpp">
      <Filter>Source Files</Filter>
    </ClCompile>
    <ClCompile Include="wow api\Inventory.cpp">
      <Filter>Source Files</Filter>
    </ClCompile>
    <ClCompile Include="wow api\Lua.cpp">
      <Filter>Source Files</Filter>
    </ClCompile>
    <ClCompile Include="wow api\Movement.cpp">
      <Filter>Source Files</Filter>
    </ClCompile>
    <ClCompile Include="wow api\Spell.cpp">
      <Filter>Source Files</Filter>
    </ClCompile>
    <ClCompile Include="wow api\Warden.cpp">
      <Filter>Source Files</Filter>
    </ClCompile>
    <ClCompile Include="wow api\WorldBorders.cpp">
      <Filter>Source Files</Filter>
    </ClCompile>
    <ClCompile Include="wow api\WoWClientDB.cpp">
      <Filter>Source Files</Filter>
    </ClCompile>
    <ClCompile Include="wow api\object classes\GameObject.cpp">
      <Filter>Source Files</Filter>
    </ClCompile>
    <ClCompile Include="wow api\object classes\Item.cpp">
      <Filter>Source Files</Filter>
    </ClCompile>
    <ClCompile Include="wow api\object classes\Object.cpp">
      <Filter>Source Files</Filter>
    </ClCompile>
    <ClCompile Include="wow api\object classes\ObjectManager.cpp">
      <Filter>Source Files</Filter>
    </ClCompile>
    <ClCompile Include="wow api\object classes\Player.cpp">
      <Filter>Source Files</Filter>
    </ClCompile>
    <ClCompile Include="wow api\object classes\Unit.cpp">
      <Filter>Source Files</Filter>
    </ClCompile>
    <ClCompile Include="Bot\TbcLfg.cpp">
      <Filter>Source Files</Filter>
    </ClCompile>
  </ItemGroup>
  <ItemGroup>
    <ClInclude Include="bot\Fishing.h">
      <Filter>Header Files</Filter>
    </ClInclude>
    <ClInclude Include="bot\Gathering.h">
      <Filter>Header Files</Filter>
    </ClInclude>
    <ClInclude Include="bot\Grinder.h">
      <Filter>Header Files</Filter>
    </ClInclude>
    <ClInclude Include="common\Common.h">
      <Filter>Header Files</Filter>
    </ClInclude>
    <ClInclude Include="common\Geometry.h">
      <Filter>Header Files</Filter>
    </ClInclude>
    <ClInclude Include="common\Objects.h">
      <Filter>Header Files</Filter>
    </ClInclude>
    <ClInclude Include="dialog\Dialog.h">
      <Filter>Header Files</Filter>
    </ClInclude>
    <ClInclude Include="dialog\ObjectList.h">
      <Filter>Header Files</Filter>
    </ClInclude>
    <ClInclude Include="dialog\ObjectWatch.h">
      <Filter>Header Files</Filter>
    </ClInclude>
    <ClInclude Include="dialog\ProfileSettings.h">
      <Filter>Header Files</Filter>
    </ClInclude>
    <ClInclude Include="dialog\resource.h">
      <Filter>Header Files</Filter>
    </ClInclude>
    <ClInclude Include="engine\combat\Action.h">
      <Filter>Header Files</Filter>
    </ClInclude>
    <ClInclude Include="engine\combat\Condition.h">
      <Filter>Header Files</Filter>
    </ClInclude>
    <ClInclude Include="engine\combat\Rotation.h">
      <Filter>Header Files</Filter>
    </ClInclude>
    <ClInclude Include="engine\navigation\ClickToMove.h">
      <Filter>Header Files</Filter>
    </ClInclude>
    <ClInclude Include="engine\navigation\Pathfinding.h">
      <Filter>Header Files</Filter>
    </ClInclude>
    <ClInclude Include="engine\navigation\Walker.h">
      <Filter>Header Files</Filter>
    </ClInclude>
    <ClInclude Include="file\FishingProfile.h">
      <Filter>Header Files</Filter>
    </ClInclude>
    <ClInclude Include="file\NetIO.h">
      <Filter>Header Files</Filter>
    </ClInclude>
    <ClInclude Include="file\Profile.h">
      <Filter>Header Files</Filter>
    </ClInclude>
    <ClInclude Include="game\Game.h">
      <Filter>Header Files</Filter>
    </ClInclude>
    <ClInclude Include="game\Interactions.h">
      <Filter>Header Files</Filter>
    </ClInclude>
    <ClInclude Include="game\Multibox.h">
      <Filter>Header Files</Filter>
    </ClInclude>
    <ClInclude Include="game\Pointer.h">
      <Filter>Header Files</Filter>
    </ClInclude>
    <ClInclude Include="game\Variable.h">
      <Filter>Header Files</Filter>
    </ClInclude>
    <ClInclude Include="geometry\ConvexCone.h">
      <Filter>Header Files</Filter>
    </ClInclude>
    <ClInclude Include="geometry\Coordinate.h">
      <Filter>Header Files</Filter>
    </ClInclude>
    <ClInclude Include="geometry\Net.h">
      <Filter>Header Files</Filter>
    </ClInclude>
    <ClInclude Include="geometry\Polygon.h">
      <Filter>Header Files</Filter>
    </ClInclude>
    <ClInclude Include="geometry\triangle.h">
      <Filter>Header Files</Filter>
    </ClInclude>
    <ClInclude Include="geometry\vector2.h">
      <Filter>Header Files</Filter>
    </ClInclude>
    <ClInclude Include="lib\asmjit\apibegin.h">
      <Filter>Header Files</Filter>
    </ClInclude>
    <ClInclude Include="lib\asmjit\apiend.h">
      <Filter>Header Files</Filter>
    </ClInclude>
    <ClInclude Include="lib\asmjit\arm.h">
      <Filter>Header Files</Filter>
    </ClInclude>
    <ClInclude Include="lib\asmjit\asmjit.h">
      <Filter>Header Files</Filter>
    </ClInclude>
    <ClInclude Include="lib\asmjit\base.h">
      <Filter>Header Files</Filter>
    </ClInclude>
    <ClInclude Include="lib\asmjit\build.h">
      <Filter>Header Files</Filter>
    </ClInclude>
    <ClInclude Include="lib\asmjit\host.h">
      <Filter>Header Files</Filter>
    </ClInclude>
    <ClInclude Include="lib\asmjit\x86.h">
      <Filter>Header Files</Filter>
    </ClInclude>
    <ClInclude Include="lib\asmjit\base\assembler.h">
      <Filter>Header Files</Filter>
    </ClInclude>
    <ClInclude Include="lib\asmjit\base\compiler.h">
      <Filter>Header Files</Filter>
    </ClInclude>
    <ClInclude Include="lib\asmjit\base\compilercontext_p.h">
      <Filter>Header Files</Filter>
    </ClInclude>
    <ClInclude Include="lib\asmjit\base\compilerfunc.h">
      <Filter>Header Files</Filter>
    </ClInclude>
    <ClInclude Include="lib\asmjit\base\constpool.h">
      <Filter>Header Files</Filter>
    </ClInclude>
    <ClInclude Include="lib\asmjit\base\containers.h">
      <Filter>Header Files</Filter>
    </ClInclude>
    <ClInclude Include="lib\asmjit\base\cpuinfo.h">
      <Filter>Header Files</Filter>
    </ClInclude>
    <ClInclude Include="lib\asmjit\base\globals.h">
      <Filter>Header Files</Filter>
    </ClInclude>
    <ClInclude Include="lib\asmjit\base\hlstream.h">
      <Filter>Header Files</Filter>
    </ClInclude>
    <ClInclude Include="lib\asmjit\base\logger.h">
      <Filter>Header Files</Filter>
    </ClInclude>
    <ClInclude Include="lib\asmjit\base\operand.h">
      <Filter>Header Files</Filter>
    </ClInclude>
    <ClInclude Include="lib\asmjit\base\podvector.h">
      <Filter>Header Files</Filter>
    </ClInclude>
    <ClInclude Include="lib\asmjit\base\runtime.h">
      <Filter>Header Files</Filter>
    </ClInclude>
    <ClInclude Include="lib\asmjit\base\utils.h">
      <Filter>Header Files</Filter>
    </ClInclude>
    <ClInclude Include="lib\asmjit\base\vectypes.h">
      <Filter>Header Files</Filter>
    </ClInclude>
    <ClInclude Include="lib\asmjit\base\vmem.h">
      <Filter>Header Files</Filter>
    </ClInclude>
    <ClInclude Include="lib\asmjit\base\zone.h">
      <Filter>Header Files</Filter>
    </ClInclude>
    <ClInclude Include="lib\asmjit\x86\x86assembler.h">
      <Filter>Header Files</Filter>
    </ClInclude>
    <ClInclude Include="lib\asmjit\x86\x86compiler.h">
      <Filter>Header Files</Filter>
    </ClInclude>
    <ClInclude Include="lib\asmjit\x86\x86compilercontext_p.h">
      <Filter>Header Files</Filter>
    </ClInclude>
    <ClInclude Include="lib\asmjit\x86\x86compilerfunc.h">
      <Filter>Header Files</Filter>
    </ClInclude>
    <ClInclude Include="lib\asmjit\x86\x86inst.h">
      <Filter>Header Files</Filter>
    </ClInclude>
    <ClInclude Include="lib\asmjit\x86\x86operand.h">
      <Filter>Header Files</Filter>
    </ClInclude>
    <ClInclude Include="lib\delaunay\edge.h">
      <Filter>Header Files</Filter>
    </ClInclude>
    <ClInclude Include="lib\delaunay\triangulate.h">
      <Filter>Header Files</Filter>
    </ClInclude>
    <ClInclude Include="lib\poly2tri\poly2tri.h">
      <Filter>Header Files</Filter>
    </ClInclude>
    <ClInclude Include="lib\poly2tri\common\shapes.h">
      <Filter>Header Files</Filter>
    </ClInclude>
    <ClInclude Include="lib\poly2tri\common\utils.h">
      <Filter>Header Files</Filter>
    </ClInclude>
    <ClInclude Include="lib\poly2tri\sweep\advancing_front.h">
      <Filter>Header Files</Filter>
    </ClInclude>
    <ClInclude Include="lib\poly2tri\sweep\cdt.h">
      <Filter>Header Files</Filter>
    </ClInclude>
    <ClInclude Include="lib\poly2tri\sweep\sweep.h">
      <Filter>Header Files</Filter>
    </ClInclude>
    <ClInclude Include="lib\poly2tri\sweep\sweep_context.h">
      <Filter>Header Files</Filter>
    </ClInclude>
    <ClInclude Include="lib\pugixml\pugiconfig.hpp">
      <Filter>Header Files</Filter>
    </ClInclude>
    <ClInclude Include="lib\pugixml\pugixml.hpp">
      <Filter>Header Files</Filter>
    </ClInclude>
    <ClInclude Include="main\Command.h">
      <Filter>Header Files</Filter>
    </ClInclude>
    <ClInclude Include="main\Constants.h">
      <Filter>Header Files</Filter>
    </ClInclude>
    <ClInclude Include="main\Debug.h">
      <Filter>Header Files</Filter>
    </ClInclude>
    <ClInclude Include="main\Dinnerbot.h">
      <Filter>Header Files</Filter>
    </ClInclude>
    <ClInclude Include="main\Main.h">
      <Filter>Header Files</Filter>
    </ClInclude>
    <ClInclude Include="main\Structures.h">
      <Filter>Header Files</Filter>
    </ClInclude>
    <ClInclude Include="memory\Bytecode.h">
      <Filter>Header Files</Filter>
    </ClInclude>
    <ClInclude Include="memory\Endscene.h">
      <Filter>Header Files</Filter>
    </ClInclude>
    <ClInclude Include="memory\Hacks.h">
      <Filter>Header Files</Filter>
    </ClInclude>
    <ClInclude Include="memory\Hooks.h">
      <Filter>Header Files</Filter>
    </ClInclude>
    <ClInclude Include="memory\Memory.h">
      <Filter>Header Files</Filter>
    </ClInclude>
    <ClInclude Include="pont\HTML.h">
      <Filter>Header Files</Filter>
    </ClInclude>
    <ClInclude Include="radar\Drawing.h">
      <Filter>Header Files</Filter>
    </ClInclude>
    <ClInclude Include="radar\Edit.h">
      <Filter>Header Files</Filter>
    </ClInclude>
    <ClInclude Include="radar\GraphicsObject.h">
      <Filter>Header Files</Filter>
    </ClInclude>
    <ClInclude Include="radar\NetEditor.h">
      <Filter>Header Files</Filter>
    </ClInclude>
    <ClInclude Include="radar\RenderObject.h">
      <Filter>Header Files</Filter>
    </ClInclude>
    <ClInclude Include="radar\Settings.h">
      <Filter>Header Files</Filter>
    </ClInclude>
    <ClInclude Include="remote\Array.h">
      <Filter>Header Files</Filter>
    </ClInclude>
    <ClInclude Include="remote\Remote.h">
      <Filter>Header Files</Filter>
    </ClInclude>
    <ClInclude Include="remote\Vector.h">
      <Filter>Header Files</Filter>
    </ClInclude>
    <ClInclude Include="utilities\Thread.h">
      <Filter>Header Files</Filter>
    </ClInclude>
    <ClInclude Include="utilities\Utilities.h">
      <Filter>Header Files</Filter>
    </ClInclude>
    <ClInclude Include="utilities\Wait.h">
      <Filter>Header Files</Filter>
    </ClInclude>
    <ClInclude Include="wow api\Camera.h">
      <Filter>Header Files</Filter>
    </ClInclude>
    <ClInclude Include="wow api\CDataStore.h">
      <Filter>Header Files</Filter>
    </ClInclude>
    <ClInclude Include="wow api\CGLoot.h">
      <Filter>Header Files</Filter>
    </ClInclude>
    <ClInclude Include="wow api\Chat.h">
      <Filter>Header Files</Filter>
    </ClInclude>
    <ClInclude Include="wow api\CInputControl.h">
      <Filter>Header Files</Filter>
    </ClInclude>
    <ClInclude Include="wow api\ClientDB.h">
      <Filter>Header Files</Filter>
    </ClInclude>
    <ClInclude Include="wow api\Environment.h">
      <Filter>Header Files</Filter>
    </ClInclude>
    <ClInclude Include="wow api\Guild.h">
      <Filter>Header Files</Filter>
    </ClInclude>
    <ClInclude Include="wow api\GuildEntry.h">
      <Filter>Header Files</Filter>
    </ClInclude>
    <ClInclude Include="wow api\Inventory.h">
      <Filter>Header Files</Filter>
    </ClInclude>
    <ClInclude Include="wow api\Lua.h">
      <Filter>Header Files</Filter>
    </ClInclude>
    <ClInclude Include="wow api\Movement.h">
      <Filter>Header Files</Filter>
    </ClInclude>
    <ClInclude Include="wow api\Spell.h">
      <Filter>Header Files</Filter>
    </ClInclude>
    <ClInclude Include="wow api\Warden.h">
      <Filter>Header Files</Filter>
    </ClInclude>
    <ClInclude Include="wow api\WorldBorders.h">
      <Filter>Header Files</Filter>
    </ClInclude>
    <ClInclude Include="wow api\WoWClientDB.h">
      <Filter>Header Files</Filter>
    </ClInclude>
    <ClInclude Include="wow api\object classes\GameObject.h">
      <Filter>Header Files</Filter>
    </ClInclude>
    <ClInclude Include="wow api\object classes\Item.h">
      <Filter>Header Files</Filter>
    </ClInclude>
    <ClInclude Include="wow api\object classes\Object.h">
      <Filter>Header Files</Filter>
    </ClInclude>
    <ClInclude Include="wow api\object classes\ObjectManager.h">
      <Filter>Header Files</Filter>
    </ClInclude>
    <ClInclude Include="wow api\object classes\Player.h">
      <Filter>Header Files</Filter>
    </ClInclude>
    <ClInclude Include="wow api\object classes\Unit.h">
      <Filter>Header Files</Filter>
    </ClInclude>
    <ClInclude Include="curl\include\libpsl.h">
      <Filter>Header Files</Filter>
    </ClInclude>
    <ClInclude Include="curl\include\libssh2.h">
      <Filter>Header Files</Filter>
    </ClInclude>
    <ClInclude Include="curl\include\libssh2_publickey.h">
      <Filter>Header Files</Filter>
    </ClInclude>
    <ClInclude Include="curl\include\libssh2_sftp.h">
      <Filter>Header Files</Filter>
    </ClInclude>
    <ClInclude Include="curl\include\zconf.h">
      <Filter>Header Files</Filter>
    </ClInclude>
    <ClInclude Include="curl\include\zdict.h">
      <Filter>Header Files</Filter>
    </ClInclude>
    <ClInclude Include="curl\include\zlib.h">
      <Filter>Header Files</Filter>
    </ClInclude>
    <ClInclude Include="curl\include\zlib_name_mangling.h">
      <Filter>Header Files</Filter>
    </ClInclude>
    <ClInclude Include="curl\include\zstd.h">
      <Filter>Header Files</Filter>
    </ClInclude>
    <ClInclude Include="curl\include\zstd_errors.h">
      <Filter>Header Files</Filter>
    </ClInclude>
    <ClInclude Include="Bot\TbcLfg.h">
      <Filter>Header Files</Filter>
    </ClInclude>
    <ClInclude Include="Dialog\targetver.h">
      <Filter>Header Files</Filter>
    </ClInclude>
  </ItemGroup>
  <ItemGroup>
    <ResourceCompile Include="dialog\Dinnerbot.rc">
      <Filter>Resource Files</Filter>
    </ResourceCompile>
  </ItemGroup>
  <ItemGroup>
    <Image Include="dialog\Dinnerbot.ico">
      <Filter>Resource Files</Filter>
    </Image>
    <Image Include="dialog\Dialog\Images\SETTINGS.ico">
      <Filter>Resource Files</Filter>
    </Image>
  </ItemGroup>
</Project>